
Microsoft Visual Studio Solution File, Format Version 12.00
# Visual Studio 2015
Project("{FAE04EC0-301F-11D3-BF4B-00C04F79EFBC}") = "GameOff2016.CSharp", "GameOff2016.CSharp.csproj", "{5AA2CC9B-E9EE-40EF-E4FA-4F66D980111B}"
EndProject
Project("{FAE04EC0-301F-11D3-BF4B-00C04F79EFBC}") = "GameOff2016.CSharp.Editor", "GameOff2016.CSharp.Editor.csproj", "{7475A3DC-0E97-F2C2-4F3A-6E1EA58BFC4C}"
EndProject
Global
	GlobalSection(SolutionConfigurationPlatforms) = preSolution
		Debug|Any CPU = Debug|Any CPU
		Release|Any CPU = Release|Any CPU
	EndGlobalSection
	GlobalSection(ProjectConfigurationPlatforms) = postSolution
		{5AA2CC9B-E9EE-40EF-E4FA-4F66D980111B}.Debug|Any CPU.ActiveCfg = Debug|Any CPU
		{5AA2CC9B-E9EE-40EF-E4FA-4F66D980111B}.Debug|Any CPU.Build.0 = Debug|Any CPU
		{5AA2CC9B-E9EE-40EF-E4FA-4F66D980111B}.Release|Any CPU.ActiveCfg = Release|Any CPU
		{5AA2CC9B-E9EE-40EF-E4FA-4F66D980111B}.Release|Any CPU.Build.0 = Release|Any CPU
		{7475A3DC-0E97-F2C2-4F3A-6E1EA58BFC4C}.Debug|Any CPU.ActiveCfg = Debug|Any CPU
		{7475A3DC-0E97-F2C2-4F3A-6E1EA58BFC4C}.Debug|Any CPU.Build.0 = Debug|Any CPU
		{7475A3DC-0E97-F2C2-4F3A-6E1EA58BFC4C}.Release|Any CPU.ActiveCfg = Release|Any CPU
		{7475A3DC-0E97-F2C2-4F3A-6E1EA58BFC4C}.Release|Any CPU.Build.0 = Release|Any CPU
	EndGlobalSection
	GlobalSection(SolutionProperties) = preSolution
		HideSolutionNode = FALSE
	EndGlobalSection
EndGlobal
